Microsoft Visual Studio Solution File, Format Version 12.00
# Visual Studio 14
VisualStudioVersion = 14.0.25420.1
MinimumVisualStudioVersion = 10.0.40219.1
Project("{FAE04EC0-301F-11D3-BF4B-00C04F79EFBC}") = "Auth.FWT.Core", "Auth.FWT.Core\Auth.FWT.Core.csproj", "{0ED2E479-2353-59A2-C8FB-880112959A8C}"
EndProject
Project("{FAE04EC0-301F-11D3-BF4B-00C04F79EFBC}") = "Auth.FWT.Data", "Auth.FWT.Data\Auth.FWT.Data.csproj", "{876A790E-8B16-7F15-C15C-403770183ADE}"
EndProject
Project("{FAE04EC0-301F-11D3-BF4B-00C04F79EFBC}") = "Auth.FWT.Infrastructure", "Auth.FWT.Infrastructure\Auth.FWT.Infrastructure.csproj", "{1BCACCE6-43CE-F2DE-3B26-75460EB06BD2}"
EndProject
Project("{FAE04EC0-301F-11D3-BF4B-00C04F79EFBC}") = "Auth.FWT.API", "Auth.FWT.API\Auth.FWT.API.csproj", "{837D1C21-CA77-4C61-957D-FD62A35E3E1F}"
EndProject
Project("{FAE04EC0-301F-11D3-BF4B-00C04F79EFBC}") = "Auth.FWT.Tests", "Auth.FWT.Tests\Auth.FWT.Tests.csproj", "{74D8CB60-7870-4FE3-B362-1E839A44FEA8}"
EndProject
Project("{FAE04EC0-301F-11D3-BF4B-00C04F79EFBC}") = "Auth.Manage", "Auth.Manage\Auth.Manage.csproj", "{9A17B094-0CA1-4878-9E98-6A542B387F6B}"
EndProject
Project("{FAE04EC0-301F-11D3-BF4B-00C04F79EFBC}") = "Auth.FWT._Azure", "Auth.FWT._Azure\Auth.FWT._Azure.csproj", "{F965D542-3C68-4A8F-AF13-ADBDB627F3FC}"
EndProject
Project("{2150E333-8FDC-42A3-9474-1A3956D46DE8}") = "TLSharp", "TLSharp", "{CC926EB8-0195-4B19-A4C0-6F2DB67856C5}"
EndProject
Project("{FAE04EC0-301F-11D3-BF4B-00C04F79EFBC}") = "TLSharp.Core", "TLSharp\TLSharp.Core\TLSharp.Core.csproj", "{400D2544-1CC6-4D8A-A62C-2292D9947A16}"
EndProject
Project("{FAE04EC0-301F-11D3-BF4B-00C04F79EFBC}") = "TeleSharp.TL", "TLSharp\TeleSharp.TL\TeleSharp.TL.csproj", "{D6144517-91D2-4880-86DF-E9FF5D7F383A}"
EndProject
Global
	GlobalSection(SolutionConfigurationPlatforms) = preSolution
		Debug|Any CPU = Debug|Any CPU
		DEVELOPMENT|Any CPU = DEVELOPMENT|Any CPU
		Release|Any CPU = Release|Any CPU
	EndGlobalSection
	GlobalSection(ProjectConfigurationPlatforms) = postSolution
		{0ED2E479-2353-59A2-C8FB-880112959A8C}.Debug|Any CPU.ActiveCfg = Debug|Any CPU
		{0ED2E479-2353-59A2-C8FB-880112959A8C}.Debug|Any CPU.Build.0 = Debug|Any CPU
		{0ED2E479-2353-59A2-C8FB-880112959A8C}.DEVELOPMENT|Any CPU.ActiveCfg = DEVELOPMENT|Any CPU
		{0ED2E479-2353-59A2-C8FB-880112959A8C}.DEVELOPMENT|Any CPU.Build.0 = DEVELOPMENT|Any CPU
		{0ED2E479-2353-59A2-C8FB-880112959A8C}.Release|Any CPU.ActiveCfg = Release|Any CPU
		{0ED2E479-2353-59A2-C8FB-880112959A8C}.Release|Any CPU.Build.0 = Release|Any CPU
		{876A790E-8B16-7F15-C15C-403770183ADE}.Debug|Any CPU.ActiveCfg = Debug|Any CPU
		{876A790E-8B16-7F15-C15C-403770183ADE}.Debug|Any CPU.Build.0 = Debug|Any CPU
		{876A790E-8B16-7F15-C15C-403770183ADE}.DEVELOPMENT|Any CPU.ActiveCfg = DEVELOPMENT|Any CPU
		{876A790E-8B16-7F15-C15C-403770183ADE}.DEVELOPMENT|Any CPU.Build.0 = DEVELOPMENT|Any CPU
		{876A790E-8B16-7F15-C15C-403770183ADE}.Release|Any CPU.ActiveCfg = Release|Any CPU
		{876A790E-8B16-7F15-C15C-403770183ADE}.Release|Any CPU.Build.0 = Release|Any CPU
		{1BCACCE6-43CE-F2DE-3B26-75460EB06BD2}.Debug|Any CPU.ActiveCfg = Debug|Any CPU
		{1BCACCE6-43CE-F2DE-3B26-75460EB06BD2}.Debug|Any CPU.Build.0 = Debug|Any CPU
		{1BCACCE6-43CE-F2DE-3B26-75460EB06BD2}.DEVELOPMENT|Any CPU.ActiveCfg = DEVELOPMENT|Any CPU
		{1BCACCE6-43CE-F2DE-3B26-75460EB06BD2}.DEVELOPMENT|Any CPU.Build.0 = DEVELOPMENT|Any CPU
		{1BCACCE6-43CE-F2DE-3B26-75460EB06BD2}.Release|Any CPU.ActiveCfg = Release|Any CPU
		{1BCACCE6-43CE-F2DE-3B26-75460EB06BD2}.Release|Any CPU.Build.0 = Release|Any CPU
		{837D1C21-CA77-4C61-957D-FD62A35E3E1F}.Debug|Any CPU.ActiveCfg = Debug|Any CPU
		{837D1C21-CA77-4C61-957D-FD62A35E3E1F}.Debug|Any CPU.Build.0 = Debug|Any CPU
		{837D1C21-CA77-4C61-957D-FD62A35E3E1F}.DEVELOPMENT|Any CPU.ActiveCfg = DEVELOPMENT|Any CPU
		{837D1C21-CA77-4C61-957D-FD62A35E3E1F}.DEVELOPMENT|Any CPU.Build.0 = DEVELOPMENT|Any CPU
		{837D1C21-CA77-4C61-957D-FD62A35E3E1F}.Release|Any CPU.ActiveCfg = Release|Any CPU
		{837D1C21-CA77-4C61-957D-FD62A35E3E1F}.Release|Any CPU.Build.0 = Release|Any CPU
		{74D8CB60-7870-4FE3-B362-1E839A44FEA8}.Debug|Any CPU.ActiveCfg = Debug|Any CPU
		{74D8CB60-7870-4FE3-B362-1E839A44FEA8}.Debug|Any CPU.Build.0 = Debug|Any CPU
		{74D8CB60-7870-4FE3-B362-1E839A44FEA8}.DEVELOPMENT|Any CPU.ActiveCfg = DEVELOPMENT|Any CPU
		{74D8CB60-7870-4FE3-B362-1E839A44FEA8}.DEVELOPMENT|Any CPU.Build.0 = DEVELOPMENT|Any CPU
		{74D8CB60-7870-4FE3-B362-1E839A44FEA8}.Release|Any CPU.ActiveCfg = Release|Any CPU
		{74D8CB60-7870-4FE3-B362-1E839A44FEA8}.Release|Any CPU.Build.0 = Release|Any CPU
		{9A17B094-0CA1-4878-9E98-6A542B387F6B}.Debug|Any CPU.ActiveCfg = Debug|Any CPU
		{9A17B094-0CA1-4878-9E98-6A542B387F6B}.Debug|Any CPU.Build.0 = Debug|Any CPU
		{9A17B094-0CA1-4878-9E98-6A542B387F6B}.DEVELOPMENT|Any CPU.ActiveCfg = DEVELOPMENT|Any CPU
		{9A17B094-0CA1-4878-9E98-6A542B387F6B}.Release|Any CPU.ActiveCfg = Release|Any CPU
		{F965D542-3C68-4A8F-AF13-ADBDB627F3FC}.Debug|Any CPU.ActiveCfg = Debug|Any CPU
		{F965D542-3C68-4A8F-AF13-ADBDB627F3FC}.Debug|Any CPU.Build.0 = Debug|Any CPU
		{F965D542-3C68-4A8F-AF13-ADBDB627F3FC}.DEVELOPMENT|Any CPU.ActiveCfg = DEVELOPMENT|Any CPU
		{F965D542-3C68-4A8F-AF13-ADBDB627F3FC}.Release|Any CPU.ActiveCfg = Release|Any CPU
		{400D2544-1CC6-4D8A-A62C-2292D9947A16}.Debug|Any CPU.ActiveCfg = Debug|Any CPU
		{400D2544-1CC6-4D8A-A62C-2292D9947A16}.Debug|Any CPU.Build.0 = Debug|Any CPU
		{400D2544-1CC6-4D8A-A62C-2292D9947A16}.DEVELOPMENT|Any CPU.ActiveCfg = DEVELOPMENT|Any CPU
		{400D2544-1CC6-4D8A-A62C-2292D9947A16}.DEVELOPMENT|Any CPU.Build.0 = DEVELOPMENT|Any CPU
		{400D2544-1CC6-4D8A-A62C-2292D9947A16}.Release|Any CPU.ActiveCfg = Release|Any CPU
		{400D2544-1CC6-4D8A-A62C-2292D9947A16}.Release|Any CPU.Build.0 = Release|Any CPU
		{D6144517-91D2-4880-86DF-E9FF5D7F383A}.Debug|Any CPU.ActiveCfg = Debug|Any CPU
		{D6144517-91D2-4880-86DF-E9FF5D7F383A}.Debug|Any CPU.Build.0 = Debug|Any CPU
		{D6144517-91D2-4880-86DF-E9FF5D7F383A}.DEVELOPMENT|Any CPU.ActiveCfg = DEVELOPMENT|Any CPU
		{D6144517-91D2-4880-86DF-E9FF5D7F383A}.DEVELOPMENT|Any CPU.Build.0 = DEVELOPMENT|Any CPU
		{D6144517-91D2-4880-86DF-E9FF5D7F383A}.Release|Any CPU.ActiveCfg = Release|Any CPU
		{D6144517-91D2-4880-86DF-E9FF5D7F383A}.Release|Any CPU.Build.0 = Release|Any CPU
	EndGlobalSection
	GlobalSection(SolutionProperties) = preSolution
		HideSolutionNode = FALSE
	EndGlobalSection
	GlobalSection(NestedProjects) = preSolution
		{400D2544-1CC6-4D8A-A62C-2292D9947A16} = {CC926EB8-0195-4B19-A4C0-6F2DB67856C5}
		{D6144517-91D2-4880-86DF-E9FF5D7F383A} = {CC926EB8-0195-4B19-A4C0-6F2DB67856C5}
	EndGlobalSection
	GlobalSection(ExtensibilityGlobals) = postSolution
		SolutionGuid = {7F7B345C-687F-46BD-A4D1-9BE00B7EF22D}
	EndGlobalSection
EndGlobal
