
Microsoft Visual Studio Solution File, Format Version 12.00
# Visual Studio 15
VisualStudioVersion = 15.0.28010.2048
MinimumVisualStudioVersion = 10.0.40219.1
Project("{9A19103F-16F7-4668-BE54-9A1E7A4F7556}") = "FWT.Auth", "FWT.Auth\FWT.Auth.csproj", "{546B9F3C-7B07-4F9D-91DB-67C7059B501F}"
EndProject
Project("{9A19103F-16F7-4668-BE54-9A1E7A4F7556}") = "FWT.Core", "FWT.Core\FWT.Core.csproj", "{15ACBF8D-5971-4A2E-8967-6A0B583A06C2}"
EndProject
Project("{9A19103F-16F7-4668-BE54-9A1E7A4F7556}") = "FWT.Database", "FWT.Database\FWT.Database.csproj", "{167381AA-4E3A-4699-A69C-E967110A97AD}"
EndProject
Project("{9A19103F-16F7-4668-BE54-9A1E7A4F7556}") = "FWT.Infrastructure", "FWT.Infrastructure\FWT.Infrastructure.csproj", "{FF97523F-0CC6-41FA-AD9D-7E5C350E8113}"
EndProject
Global
	GlobalSection(SolutionConfigurationPlatforms) = preSolution
		Debug|Any CPU = Debug|Any CPU
		Release|Any CPU = Release|Any CPU
	EndGlobalSection
	GlobalSection(ProjectConfigurationPlatforms) = postSolution
		{546B9F3C-7B07-4F9D-91DB-67C7059B501F}.Debug|Any CPU.ActiveCfg = Debug|Any CPU
		{546B9F3C-7B07-4F9D-91DB-67C7059B501F}.Debug|Any CPU.Build.0 = Debug|Any CPU
		{546B9F3C-7B07-4F9D-91DB-67C7059B501F}.Release|Any CPU.ActiveCfg = Release|Any CPU
		{546B9F3C-7B07-4F9D-91DB-67C7059B501F}.Release|Any CPU.Build.0 = Release|Any CPU
		{15ACBF8D-5971-4A2E-8967-6A0B583A06C2}.Debug|Any CPU.ActiveCfg = Debug|Any CPU
		{15ACBF8D-5971-4A2E-8967-6A0B583A06C2}.Debug|Any CPU.Build.0 = Debug|Any CPU
		{15ACBF8D-5971-4A2E-8967-6A0B583A06C2}.Release|Any CPU.ActiveCfg = Release|Any CPU
		{15ACBF8D-5971-4A2E-8967-6A0B583A06C2}.Release|Any CPU.Build.0 = Release|Any CPU
		{167381AA-4E3A-4699-A69C-E967110A97AD}.Debug|Any CPU.ActiveCfg = Debug|Any CPU
		{167381AA-4E3A-4699-A69C-E967110A97AD}.Debug|Any CPU.Build.0 = Debug|Any CPU
		{167381AA-4E3A-4699-A69C-E967110A97AD}.Release|Any CPU.ActiveCfg = Release|Any CPU
		{167381AA-4E3A-4699-A69C-E967110A97AD}.Release|Any CPU.Build.0 = Release|Any CPU
		{FF97523F-0CC6-41FA-AD9D-7E5C350E8113}.Debug|Any CPU.ActiveCfg = Debug|Any CPU
		{FF97523F-0CC6-41FA-AD9D-7E5C350E8113}.Debug|Any CPU.Build.0 = Debug|Any CPU
		{FF97523F-0CC6-41FA-AD9D-7E5C350E8113}.Release|Any CPU.ActiveCfg = Release|Any CPU
		{FF97523F-0CC6-41FA-AD9D-7E5C350E8113}.Release|Any CPU.Build.0 = Release|Any CPU
	EndGlobalSection
	GlobalSection(SolutionProperties) = preSolution
		HideSolutionNode = FALSE
	EndGlobalSection
	GlobalSection(ExtensibilityGlobals) = postSolution
		SolutionGuid = {12C5262B-7708-485C-91A2-F099B5F73B12}
	EndGlobalSection
EndGlobal
