
Microsoft Visual Studio Solution File, Format Version 12.00
# Visual Studio 15
VisualStudioVersion = 15.0.28010.2048
MinimumVisualStudioVersion = 10.0.40219.1
Project("{9A19103F-16F7-4668-BE54-9A1E7A4F7556}") = "FWTL.Auth", "FWTL.Auth\FWTL.Auth.csproj", "{546B9F3C-7B07-4F9D-91DB-67C7059B501F}"
EndProject
Project("{9A19103F-16F7-4668-BE54-9A1E7A4F7556}") = "FWTL.Core", "FWTL.Core\FWTL.Core.csproj", "{15ACBF8D-5971-4A2E-8967-6A0B583A06C2}"
EndProject
Project("{9A19103F-16F7-4668-BE54-9A1E7A4F7556}") = "FWTL.Infrastructure", "FWTL.Infrastructure\FWTL.Infrastructure.csproj", "{FF97523F-0CC6-41FA-AD9D-7E5C350E8113}"
EndProject
Project("{E53339B2-1760-4266-BCC7-CA923CBCF16C}") = "docker-compose", "docker-compose.dcproj", "{CE53C7BE-9EFE-487E-9E12-977E2BD078D7}"
EndProject
Project("{2150E333-8FDC-42A3-9474-1A3956D46DE8}") = "Solution Items", "Solution Items", "{91E5F4F1-9B04-440F-AD84-46490C927B72}"
	ProjectSection(SolutionItems) = preProject
		Dockerfile = Dockerfile
	EndProjectSection
EndProject
Global
	GlobalSection(SolutionConfigurationPlatforms) = preSolution
		Debug|Any CPU = Debug|Any CPU
		Docker|Any CPU = Docker|Any CPU
		Release|Any CPU = Release|Any CPU
	EndGlobalSection
	GlobalSection(ProjectConfigurationPlatforms) = postSolution
		{546B9F3C-7B07-4F9D-91DB-67C7059B501F}.Debug|Any CPU.ActiveCfg = Debug|Any CPU
		{546B9F3C-7B07-4F9D-91DB-67C7059B501F}.Debug|Any CPU.Build.0 = Debug|Any CPU
		{546B9F3C-7B07-4F9D-91DB-67C7059B501F}.Docker|Any CPU.ActiveCfg = Docker|Any CPU
		{546B9F3C-7B07-4F9D-91DB-67C7059B501F}.Release|Any CPU.ActiveCfg = Release|Any CPU
		{546B9F3C-7B07-4F9D-91DB-67C7059B501F}.Release|Any CPU.Build.0 = Release|Any CPU
		{15ACBF8D-5971-4A2E-8967-6A0B583A06C2}.Debug|Any CPU.ActiveCfg = Debug|Any CPU
		{15ACBF8D-5971-4A2E-8967-6A0B583A06C2}.Debug|Any CPU.Build.0 = Debug|Any CPU
		{15ACBF8D-5971-4A2E-8967-6A0B583A06C2}.Docker|Any CPU.ActiveCfg = Docker|Any CPU
		{15ACBF8D-5971-4A2E-8967-6A0B583A06C2}.Release|Any CPU.ActiveCfg = Release|Any CPU
		{15ACBF8D-5971-4A2E-8967-6A0B583A06C2}.Release|Any CPU.Build.0 = Release|Any CPU
		{FF97523F-0CC6-41FA-AD9D-7E5C350E8113}.Debug|Any CPU.ActiveCfg = Debug|Any CPU
		{FF97523F-0CC6-41FA-AD9D-7E5C350E8113}.Debug|Any CPU.Build.0 = Debug|Any CPU
		{FF97523F-0CC6-41FA-AD9D-7E5C350E8113}.Docker|Any CPU.ActiveCfg = Docker|Any CPU
		{FF97523F-0CC6-41FA-AD9D-7E5C350E8113}.Release|Any CPU.ActiveCfg = Release|Any CPU
		{FF97523F-0CC6-41FA-AD9D-7E5C350E8113}.Release|Any CPU.Build.0 = Release|Any CPU
		{CE53C7BE-9EFE-487E-9E12-977E2BD078D7}.Debug|Any CPU.ActiveCfg = Debug|Any CPU
		{CE53C7BE-9EFE-487E-9E12-977E2BD078D7}.Docker|Any CPU.ActiveCfg = Docker|Any CPU
		{CE53C7BE-9EFE-487E-9E12-977E2BD078D7}.Docker|Any CPU.Build.0 = Docker|Any CPU
		{CE53C7BE-9EFE-487E-9E12-977E2BD078D7}.Release|Any CPU.ActiveCfg = Release|Any CPU
	EndGlobalSection
	GlobalSection(SolutionProperties) = preSolution
		HideSolutionNode = FALSE
	EndGlobalSection
	GlobalSection(ExtensibilityGlobals) = postSolution
		SolutionGuid = {12C5262B-7708-485C-91A2-F099B5F73B12}
	EndGlobalSection
EndGlobal
